{
  "name": "@dougrich/tokenerator",
  "version": "0.1.0-beta.20",
  "lockfileVersion": 1,
  "dependencies": {
    "@types/cheerio": {
      "version": "0.22.2",
      "resolved": "https://registry.npmjs.org/@types/cheerio/-/cheerio-0.22.2.tgz",
      "integrity": "sha512-7YJQbllem83umRzZ+ry6RZFAbBWNoHvbiW6tE5VEAJIoX6F22hrKrBw3ibRvHm2zPnOhZGrZJusAbp1zZKcLzQ==",
      "dev": true
    },
    "@types/node": {
      "version": "8.0.19",
      "resolved": "https://registry.npmjs.org/@types/node/-/node-8.0.19.tgz",
      "integrity": "sha512-VRQB+Q0L3YZWs45uRdpN9oWr82meL/8TrJ6faoKT5tp0uub2l/aRMhtm5fo68h7kjYKH60f9/bay1nF7ZpTW5g==",
      "dev": true
    },
    "typescript": {
      "version": "2.4.2",
      "resolved": "https://registry.npmjs.org/typescript/-/typescript-2.4.2.tgz",
      "integrity": "sha1-+DlfhdRZJ2BnyYiqQYN6j4KHCEQ=",
      "dev": true
    }
  }
}
